
Microsoft Visual Studio Solution File, Format Version 12.00
# Visual Studio Version 16
VisualStudioVersion = 16.0.31613.86
MinimumVisualStudioVersion = 10.0.40219.1
Project("{FAE04EC0-301F-11D3-BF4B-00C04F79EFBC}") = "Prak6.1_37328409", "Prak6.1_37328409.csproj", "{404BE7B6-8FC9-4EBC-80FD-C7C537AE28EF}"
EndProject
Global
	GlobalSection(SolutionConfigurationPlatforms) = preSolution
		Debug|Any CPU = Debug|Any CPU
		Release|Any CPU = Release|Any CPU
	EndGlobalSection
	GlobalSection(ProjectConfigurationPlatforms) = postSolution
		{404BE7B6-8FC9-4EBC-80FD-C7C537AE28EF}.Debug|Any CPU.ActiveCfg = Debug|Any CPU
		{404BE7B6-8FC9-4EBC-80FD-C7C537AE28EF}.Debug|Any CPU.Build.0 = Debug|Any CPU
		{404BE7B6-8FC9-4EBC-80FD-C7C537AE28EF}.Release|Any CPU.ActiveCfg = Release|Any CPU
		{404BE7B6-8FC9-4EBC-80FD-C7C537AE28EF}.Release|Any CPU.Build.0 = Release|Any CPU
	EndGlobalSection
	GlobalSection(SolutionProperties) = preSolution
		HideSolutionNode = FALSE
	EndGlobalSection
	GlobalSection(ExtensibilityGlobals) = postSolution
		SolutionGuid = {A66641A9-C61C-485A-9F55-B61507E40B3B}
	EndGlobalSection
EndGlobal
